
Microsoft Visual Studio Solution File, Format Version 12.00
# Visual Studio 15
VisualStudioVersion = 15.0.25928.0
MinimumVisualStudioVersion = 10.0.40219.1
Project("{8BC9CEB8-8B4A-11D0-8D11-00A0C91BC942}") = "HelloWorld", "HelloWorld\HelloWorld.vcxproj", "{93BE2EF7-7698-4678-8C1A-D63E5DB0210B}"
EndProject
Project("{8BC9CEB8-8B4A-11D0-8D11-00A0C91BC942}") = "AreaSquare", "AreaSquare\AreaSquare.vcxproj", "{C96C5B18-451C-4DCD-96EB-473C6CBFAB80}"
EndProject
Project("{8BC9CEB8-8B4A-11D0-8D11-00A0C91BC942}") = "ArrayandSum", "ArrayandSum\ArrayandSum.vcxproj", "{E4EC8068-EB05-453E-B9ED-89112E04242F}"
EndProject
Project("{8BC9CEB8-8B4A-11D0-8D11-00A0C91BC942}") = "ArrayandSum1", "ArrayandSum1\ArrayandSum1.vcxproj", "{5C4F4DCD-9A0B-4F79-A919-8DB2244B1D83}"
EndProject
Project("{8BC9CEB8-8B4A-11D0-8D11-00A0C91BC942}") = "ArrayandSum2", "ArrayandSum2\ArrayandSum2.vcxproj", "{FDE5B1B2-6415-4836-B8F8-EC2E9AD67022}"
EndProject
Project("{8BC9CEB8-8B4A-11D0-8D11-00A0C91BC942}") = "HelloWorld2", "HelloWorld2\HelloWorld2.vcxproj", "{AFF4F6FE-1FD0-40AD-B8CE-8CB4115DE95C}"
EndProject
Project("{8BC9CEB8-8B4A-11D0-8D11-00A0C91BC942}") = "LinkedList1", "LinkedList1\LinkedList1.vcxproj", "{0550BEEB-B8FC-4B60-9521-B97A3347FF37}"
EndProject
Project("{8BC9CEB8-8B4A-11D0-8D11-00A0C91BC942}") = "LinkedList2", "LinkedList2\LinkedList2.vcxproj", "{766D73B6-BB30-4FDB-A4B7-226CE1A8C873}"
EndProject
Global
	GlobalSection(SolutionConfigurationPlatforms) = preSolution
		Debug|x64 = Debug|x64
		Debug|x86 = Debug|x86
		Release|x64 = Release|x64
		Release|x86 = Release|x86
	EndGlobalSection
	GlobalSection(ProjectConfigurationPlatforms) = postSolution
		{93BE2EF7-7698-4678-8C1A-D63E5DB0210B}.Debug|x64.ActiveCfg = Debug|x64
		{93BE2EF7-7698-4678-8C1A-D63E5DB0210B}.Debug|x64.Build.0 = Debug|x64
		{93BE2EF7-7698-4678-8C1A-D63E5DB0210B}.Debug|x86.ActiveCfg = Debug|Win32
		{93BE2EF7-7698-4678-8C1A-D63E5DB0210B}.Debug|x86.Build.0 = Debug|Win32
		{93BE2EF7-7698-4678-8C1A-D63E5DB0210B}.Release|x64.ActiveCfg = Release|x64
		{93BE2EF7-7698-4678-8C1A-D63E5DB0210B}.Release|x64.Build.0 = Release|x64
		{93BE2EF7-7698-4678-8C1A-D63E5DB0210B}.Release|x86.ActiveCfg = Release|Win32
		{93BE2EF7-7698-4678-8C1A-D63E5DB0210B}.Release|x86.Build.0 = Release|Win32
		{C96C5B18-451C-4DCD-96EB-473C6CBFAB80}.Debug|x64.ActiveCfg = Debug|x64
		{C96C5B18-451C-4DCD-96EB-473C6CBFAB80}.Debug|x64.Build.0 = Debug|x64
		{C96C5B18-451C-4DCD-96EB-473C6CBFAB80}.Debug|x86.ActiveCfg = Debug|Win32
		{C96C5B18-451C-4DCD-96EB-473C6CBFAB80}.Debug|x86.Build.0 = Debug|Win32
		{C96C5B18-451C-4DCD-96EB-473C6CBFAB80}.Release|x64.ActiveCfg = Release|x64
		{C96C5B18-451C-4DCD-96EB-473C6CBFAB80}.Release|x64.Build.0 = Release|x64
		{C96C5B18-451C-4DCD-96EB-473C6CBFAB80}.Release|x86.ActiveCfg = Release|Win32
		{C96C5B18-451C-4DCD-96EB-473C6CBFAB80}.Release|x86.Build.0 = Release|Win32
		{E4EC8068-EB05-453E-B9ED-89112E04242F}.Debug|x64.ActiveCfg = Debug|x64
		{E4EC8068-EB05-453E-B9ED-89112E04242F}.Debug|x64.Build.0 = Debug|x64
		{E4EC8068-EB05-453E-B9ED-89112E04242F}.Debug|x86.ActiveCfg = Debug|Win32
		{E4EC8068-EB05-453E-B9ED-89112E04242F}.Debug|x86.Build.0 = Debug|Win32
		{E4EC8068-EB05-453E-B9ED-89112E04242F}.Release|x64.ActiveCfg = Release|x64
		{E4EC8068-EB05-453E-B9ED-89112E04242F}.Release|x64.Build.0 = Release|x64
		{E4EC8068-EB05-453E-B9ED-89112E04242F}.Release|x86.ActiveCfg = Release|Win32
		{E4EC8068-EB05-453E-B9ED-89112E04242F}.Release|x86.Build.0 = Release|Win32
		{5C4F4DCD-9A0B-4F79-A919-8DB2244B1D83}.Debug|x64.ActiveCfg = Debug|x64
		{5C4F4DCD-9A0B-4F79-A919-8DB2244B1D83}.Debug|x64.Build.0 = Debug|x64
		{5C4F4DCD-9A0B-4F79-A919-8DB2244B1D83}.Debug|x86.ActiveCfg = Debug|Win32
		{5C4F4DCD-9A0B-4F79-A919-8DB2244B1D83}.Debug|x86.Build.0 = Debug|Win32
		{5C4F4DCD-9A0B-4F79-A919-8DB2244B1D83}.Release|x64.ActiveCfg = Release|x64
		{5C4F4DCD-9A0B-4F79-A919-8DB2244B1D83}.Release|x64.Build.0 = Release|x64
		{5C4F4DCD-9A0B-4F79-A919-8DB2244B1D83}.Release|x86.ActiveCfg = Release|Win32
		{5C4F4DCD-9A0B-4F79-A919-8DB2244B1D83}.Release|x86.Build.0 = Release|Win32
		{FDE5B1B2-6415-4836-B8F8-EC2E9AD67022}.Debug|x64.ActiveCfg = Debug|x64
		{FDE5B1B2-6415-4836-B8F8-EC2E9AD67022}.Debug|x64.Build.0 = Debug|x64
		{FDE5B1B2-6415-4836-B8F8-EC2E9AD67022}.Debug|x86.ActiveCfg = Debug|Win32
		{FDE5B1B2-6415-4836-B8F8-EC2E9AD67022}.Debug|x86.Build.0 = Debug|Win32
		{FDE5B1B2-6415-4836-B8F8-EC2E9AD67022}.Release|x64.ActiveCfg = Release|x64
		{FDE5B1B2-6415-4836-B8F8-EC2E9AD67022}.Release|x64.Build.0 = Release|x64
		{FDE5B1B2-6415-4836-B8F8-EC2E9AD67022}.Release|x86.ActiveCfg = Release|Win32
		{FDE5B1B2-6415-4836-B8F8-EC2E9AD67022}.Release|x86.Build.0 = Release|Win32
		{AFF4F6FE-1FD0-40AD-B8CE-8CB4115DE95C}.Debug|x64.ActiveCfg = Debug|x64
		{AFF4F6FE-1FD0-40AD-B8CE-8CB4115DE95C}.Debug|x64.Build.0 = Debug|x64
		{AFF4F6FE-1FD0-40AD-B8CE-8CB4115DE95C}.Debug|x86.ActiveCfg = Debug|Win32
		{AFF4F6FE-1FD0-40AD-B8CE-8CB4115DE95C}.Debug|x86.Build.0 = Debug|Win32
		{AFF4F6FE-1FD0-40AD-B8CE-8CB4115DE95C}.Release|x64.ActiveCfg = Release|x64
		{AFF4F6FE-1FD0-40AD-B8CE-8CB4115DE95C}.Release|x64.Build.0 = Release|x64
		{AFF4F6FE-1FD0-40AD-B8CE-8CB4115DE95C}.Release|x86.ActiveCfg = Release|Win32
		{AFF4F6FE-1FD0-40AD-B8CE-8CB4115DE95C}.Release|x86.Build.0 = Release|Win32
		{0550BEEB-B8FC-4B60-9521-B97A3347FF37}.Debug|x64.ActiveCfg = Debug|x64
		{0550BEEB-B8FC-4B60-9521-B97A3347FF37}.Debug|x64.Build.0 = Debug|x64
		{0550BEEB-B8FC-4B60-9521-B97A3347FF37}.Debug|x86.ActiveCfg = Debug|Win32
		{0550BEEB-B8FC-4B60-9521-B97A3347FF37}.Debug|x86.Build.0 = Debug|Win32
		{0550BEEB-B8FC-4B60-9521-B97A3347FF37}.Release|x64.ActiveCfg = Release|x64
		{0550BEEB-B8FC-4B60-9521-B97A3347FF37}.Release|x64.Build.0 = Release|x64
		{0550BEEB-B8FC-4B60-9521-B97A3347FF37}.Release|x86.ActiveCfg = Release|Win32
		{0550BEEB-B8FC-4B60-9521-B97A3347FF37}.Release|x86.Build.0 = Release|Win32
		{766D73B6-BB30-4FDB-A4B7-226CE1A8C873}.Debug|x64.ActiveCfg = Debug|x64
		{766D73B6-BB30-4FDB-A4B7-226CE1A8C873}.Debug|x64.Build.0 = Debug|x64
		{766D73B6-BB30-4FDB-A4B7-226CE1A8C873}.Debug|x86.ActiveCfg = Debug|Win32
		{766D73B6-BB30-4FDB-A4B7-226CE1A8C873}.Debug|x86.Build.0 = Debug|Win32
		{766D73B6-BB30-4FDB-A4B7-226CE1A8C873}.Release|x64.ActiveCfg = Release|x64
		{766D73B6-BB30-4FDB-A4B7-226CE1A8C873}.Release|x64.Build.0 = Release|x64
		{766D73B6-BB30-4FDB-A4B7-226CE1A8C873}.Release|x86.ActiveCfg = Release|Win32
		{766D73B6-BB30-4FDB-A4B7-226CE1A8C873}.Release|x86.Build.0 = Release|Win32
	EndGlobalSection
	GlobalSection(SolutionProperties) = preSolution
		HideSolutionNode = FALSE
	EndGlobalSection
EndGlobal
